
Microsoft Visual Studio Solution File, Format Version 12.00
# Visual Studio Version 16
VisualStudioVersion = 16.0.29613.14
MinimumVisualStudioVersion = 10.0.40219.1
Project("{FAE04EC0-301F-11D3-BF4B-00C04F79EFBC}") = "RockolaYoutubeProject", "RockolaYoutubeProject\RockolaYoutubeProject.csproj", "{C1B91F64-AA8E-4994-B550-8501D190DF30}"
EndProject
Global
	GlobalSection(SolutionConfigurationPlatforms) = preSolution
		Debug|Any CPU = Debug|Any CPU
		Release|Any CPU = Release|Any CPU
	EndGlobalSection
	GlobalSection(ProjectConfigurationPlatforms) = postSolution
		{C1B91F64-AA8E-4994-B550-8501D190DF30}.Debug|Any CPU.ActiveCfg = Debug|Any CPU
		{C1B91F64-AA8E-4994-B550-8501D190DF30}.Debug|Any CPU.Build.0 = Debug|Any CPU
		{C1B91F64-AA8E-4994-B550-8501D190DF30}.Release|Any CPU.ActiveCfg = Release|Any CPU
		{C1B91F64-AA8E-4994-B550-8501D190DF30}.Release|Any CPU.Build.0 = Release|Any CPU
	EndGlobalSection
	GlobalSection(SolutionProperties) = preSolution
		HideSolutionNode = FALSE
	EndGlobalSection
	GlobalSection(ExtensibilityGlobals) = postSolution
		SolutionGuid = {6FF7FCC2-2108-4AA7-A24A-ED3873E910DE}
	EndGlobalSection
EndGlobal
